Microsoft Visual Studio Solution File, Format Version 11.00
# Visual Studio 2008

Project("{785C558E-B2EE-6CB5-C3C7-FC5F9A5E5ABB}") = "HybridSurvivor", "Assembly-CSharp-firstpass.csproj", "{E9F2B00B-21FE-F538-8C83-6B155CC15CB3}"
EndProject
Project("{785C558E-B2EE-6CB5-C3C7-FC5F9A5E5ABB}") = "HybridSurvivor", "Assembly-CSharp.csproj", "{2307E84C-DA57-00C7-B06D-6E214437F855}"
EndProject
Project("{785C558E-B2EE-6CB5-C3C7-FC5F9A5E5ABB}") = "HybridSurvivor", "Assembly-UnityScript-firstpass.unityproj", "{8AD190AD-13C3-1386-AC35-930BF2A2C65E}"
EndProject
Project("{785C558E-B2EE-6CB5-C3C7-FC5F9A5E5ABB}") = "HybridSurvivor", "Assembly-UnityScript.unityproj", "{10E1F9A7-0D34-F235-8BFF-DE39A0E604AD}"
EndProject
Project("{785C558E-B2EE-6CB5-C3C7-FC5F9A5E5ABB}") = "HybridSurvivor", "Assembly-UnityScript-Editor.unityproj", "{F3F2A316-2E9E-01B6-9462-873376A52E66}"
EndProject
Global
	GlobalSection(SolutionConfigurationPlatforms) = preSolution
		Debug|Any CPU = Debug|Any CPU
		Release|Any CPU = Release|Any CPU
	EndGlobalSection
	GlobalSection(ProjectConfigurationPlatforms) = postSolution
		{E9F2B00B-21FE-F538-8C83-6B155CC15CB3}.Debug|Any CPU.ActiveCfg = Debug|Any CPU
		{E9F2B00B-21FE-F538-8C83-6B155CC15CB3}.Debug|Any CPU.Build.0 = Debug|Any CPU
		{E9F2B00B-21FE-F538-8C83-6B155CC15CB3}.Release|Any CPU.ActiveCfg = Release|Any CPU
		{E9F2B00B-21FE-F538-8C83-6B155CC15CB3}.Release|Any CPU.Build.0 = Release|Any CPU
		{2307E84C-DA57-00C7-B06D-6E214437F855}.Debug|Any CPU.ActiveCfg = Debug|Any CPU
		{2307E84C-DA57-00C7-B06D-6E214437F855}.Debug|Any CPU.Build.0 = Debug|Any CPU
		{2307E84C-DA57-00C7-B06D-6E214437F855}.Release|Any CPU.ActiveCfg = Release|Any CPU
		{2307E84C-DA57-00C7-B06D-6E214437F855}.Release|Any CPU.Build.0 = Release|Any CPU
		{8AD190AD-13C3-1386-AC35-930BF2A2C65E}.Debug|Any CPU.ActiveCfg = Debug|Any CPU
		{8AD190AD-13C3-1386-AC35-930BF2A2C65E}.Debug|Any CPU.Build.0 = Debug|Any CPU
		{8AD190AD-13C3-1386-AC35-930BF2A2C65E}.Release|Any CPU.ActiveCfg = Release|Any CPU
		{8AD190AD-13C3-1386-AC35-930BF2A2C65E}.Release|Any CPU.Build.0 = Release|Any CPU
		{10E1F9A7-0D34-F235-8BFF-DE39A0E604AD}.Debug|Any CPU.ActiveCfg = Debug|Any CPU
		{10E1F9A7-0D34-F235-8BFF-DE39A0E604AD}.Debug|Any CPU.Build.0 = Debug|Any CPU
		{10E1F9A7-0D34-F235-8BFF-DE39A0E604AD}.Release|Any CPU.ActiveCfg = Release|Any CPU
		{10E1F9A7-0D34-F235-8BFF-DE39A0E604AD}.Release|Any CPU.Build.0 = Release|Any CPU
		{F3F2A316-2E9E-01B6-9462-873376A52E66}.Debug|Any CPU.ActiveCfg = Debug|Any CPU
		{F3F2A316-2E9E-01B6-9462-873376A52E66}.Debug|Any CPU.Build.0 = Debug|Any CPU
		{F3F2A316-2E9E-01B6-9462-873376A52E66}.Release|Any CPU.ActiveCfg = Release|Any CPU
		{F3F2A316-2E9E-01B6-9462-873376A52E66}.Release|Any CPU.Build.0 = Release|Any CPU
	EndGlobalSection
	GlobalSection(SolutionProperties) = preSolution
		HideSolutionNode = FALSE
	EndGlobalSection
				GlobalSection(MonoDevelopProperties) = preSolution
		StartupItem = Assembly-CSharp.csproj
		Policies = $0
		$0.TextStylePolicy = $1
		$1.inheritsSet = null
		$1.scope = text/x-csharp
		$0.CSharpFormattingPolicy = $2
		$2.inheritsSet = Mono
		$2.inheritsScope = text/x-csharp
		$2.scope = text/x-csharp
		$0.TextStylePolicy = $3
		$3.FileWidth = 120
		$3.TabWidth = 4
		$3.EolMarker = Unix
		$3.inheritsSet = Mono
		$3.inheritsScope = text/plain
		$3.scope = text/plain
	EndGlobalSection

EndGlobal
