Microsoft Visual Studio Solution File, Format Version 11.00
# Visual Studio 2008

Project("{5CBAF37F-4856-A7D1-5208-529AC564AE24}") = "Slenderkit by MasterDevelopers", "Assembly-CSharp-firstpass.csproj", "{282182EC-66D6-AC7D-EDBB-D2859D79DE67}"
EndProject
Project("{5CBAF37F-4856-A7D1-5208-529AC564AE24}") = "Slenderkit by MasterDevelopers", "Assembly-CSharp.csproj", "{3B1E9AF5-DA1D-8F82-D8A2-C0132249124C}"
EndProject
Project("{5CBAF37F-4856-A7D1-5208-529AC564AE24}") = "Slenderkit by MasterDevelopers", "Assembly-UnityScript-firstpass.unityproj", "{4793B335-4E6B-2B79-DBFB-4603E06E5891}"
EndProject
Project("{5CBAF37F-4856-A7D1-5208-529AC564AE24}") = "Slenderkit by MasterDevelopers", "Assembly-UnityScript.unityproj", "{2A943CAF-0147-8DE7-84AD-15EA891A14D9}"
EndProject
Project("{5CBAF37F-4856-A7D1-5208-529AC564AE24}") = "Slenderkit by MasterDevelopers", "Assembly-UnityScript-Editor.unityproj", "{C397DB85-8E23-8799-E441-18FF5028B0BF}"
EndProject
Global
	GlobalSection(SolutionConfigurationPlatforms) = preSolution
		Debug|Any CPU = Debug|Any CPU
		Release|Any CPU = Release|Any CPU
	EndGlobalSection
	GlobalSection(ProjectConfigurationPlatforms) = postSolution
		{282182EC-66D6-AC7D-EDBB-D2859D79DE67}.Debug|Any CPU.ActiveCfg = Debug|Any CPU
		{282182EC-66D6-AC7D-EDBB-D2859D79DE67}.Debug|Any CPU.Build.0 = Debug|Any CPU
		{282182EC-66D6-AC7D-EDBB-D2859D79DE67}.Release|Any CPU.ActiveCfg = Release|Any CPU
		{282182EC-66D6-AC7D-EDBB-D2859D79DE67}.Release|Any CPU.Build.0 = Release|Any CPU
		{3B1E9AF5-DA1D-8F82-D8A2-C0132249124C}.Debug|Any CPU.ActiveCfg = Debug|Any CPU
		{3B1E9AF5-DA1D-8F82-D8A2-C0132249124C}.Debug|Any CPU.Build.0 = Debug|Any CPU
		{3B1E9AF5-DA1D-8F82-D8A2-C0132249124C}.Release|Any CPU.ActiveCfg = Release|Any CPU
		{3B1E9AF5-DA1D-8F82-D8A2-C0132249124C}.Release|Any CPU.Build.0 = Release|Any CPU
		{4793B335-4E6B-2B79-DBFB-4603E06E5891}.Debug|Any CPU.ActiveCfg = Debug|Any CPU
		{4793B335-4E6B-2B79-DBFB-4603E06E5891}.Debug|Any CPU.Build.0 = Debug|Any CPU
		{4793B335-4E6B-2B79-DBFB-4603E06E5891}.Release|Any CPU.ActiveCfg = Release|Any CPU
		{4793B335-4E6B-2B79-DBFB-4603E06E5891}.Release|Any CPU.Build.0 = Release|Any CPU
		{2A943CAF-0147-8DE7-84AD-15EA891A14D9}.Debug|Any CPU.ActiveCfg = Debug|Any CPU
		{2A943CAF-0147-8DE7-84AD-15EA891A14D9}.Debug|Any CPU.Build.0 = Debug|Any CPU
		{2A943CAF-0147-8DE7-84AD-15EA891A14D9}.Release|Any CPU.ActiveCfg = Release|Any CPU
		{2A943CAF-0147-8DE7-84AD-15EA891A14D9}.Release|Any CPU.Build.0 = Release|Any CPU
		{C397DB85-8E23-8799-E441-18FF5028B0BF}.Debug|Any CPU.ActiveCfg = Debug|Any CPU
		{C397DB85-8E23-8799-E441-18FF5028B0BF}.Debug|Any CPU.Build.0 = Debug|Any CPU
		{C397DB85-8E23-8799-E441-18FF5028B0BF}.Release|Any CPU.ActiveCfg = Release|Any CPU
		{C397DB85-8E23-8799-E441-18FF5028B0BF}.Release|Any CPU.Build.0 = Release|Any CPU
	EndGlobalSection
	GlobalSection(SolutionProperties) = preSolution
		HideSolutionNode = FALSE
	EndGlobalSection
																																																																																																																											GlobalSection(MonoDevelopProperties) = preSolution
		StartupItem = Assembly-CSharp.csproj
		Policies = $0
		$0.TextStylePolicy = $1
		$1.inheritsSet = null
		$1.scope = text/x-csharp
		$0.CSharpFormattingPolicy = $2
		$2.inheritsSet = Mono
		$2.inheritsScope = text/x-csharp
		$2.scope = text/x-csharp
		$0.TextStylePolicy = $3
		$3.FileWidth = 120
		$3.TabWidth = 4
		$3.EolMarker = Unix
		$3.inheritsSet = Mono
		$3.inheritsScope = text/plain
		$3.scope = text/plain
	EndGlobalSection

EndGlobal
